
Microsoft Visual Studio Solution File, Format Version 12.00
# Visual Studio Version 16
VisualStudioVersion = 16.0.31702.278
MinimumVisualStudioVersion = 10.0.40219.1
Project("{FAE04EC0-301F-11D3-BF4B-00C04F79EFBC}") = "Facturador_CTECAM_3", "Facturador_CTECAM_3\Facturador_CTECAM_3.csproj", "{816D0CC6-5F70-4E1A-A500-FC4A68A511F7}"
EndProject
Global
	GlobalSection(SolutionConfigurationPlatforms) = preSolution
		Debug|Any CPU = Debug|Any CPU
		Release|Any CPU = Release|Any CPU
	EndGlobalSection
	GlobalSection(ProjectConfigurationPlatforms) = postSolution
		{816D0CC6-5F70-4E1A-A500-FC4A68A511F7}.Debug|Any CPU.ActiveCfg = Debug|Any CPU
		{816D0CC6-5F70-4E1A-A500-FC4A68A511F7}.Debug|Any CPU.Build.0 = Debug|Any CPU
		{816D0CC6-5F70-4E1A-A500-FC4A68A511F7}.Release|Any CPU.ActiveCfg = Release|Any CPU
		{816D0CC6-5F70-4E1A-A500-FC4A68A511F7}.Release|Any CPU.Build.0 = Release|Any CPU
	EndGlobalSection
	GlobalSection(SolutionProperties) = preSolution
		HideSolutionNode = FALSE
	EndGlobalSection
	GlobalSection(ExtensibilityGlobals) = postSolution
		SolutionGuid = {827608FE-323F-4BAC-8EED-FDD2748EC493}
	EndGlobalSection
EndGlobal
